
Microsoft Visual Studio Solution File, Format Version 12.00
# Visual Studio 15
VisualStudioVersion = 15.0.28307.421
MinimumVisualStudioVersion = 10.0.40219.1
Project("{FAE04EC0-301F-11D3-BF4B-00C04F79EFBC}") = "Acme.Tools.ConvertPngToGradient", "Acme.Tools.ConvertPngToGradient\Acme.Tools.ConvertPngToGradient.csproj", "{633C3F5F-9583-4913-94DD-6DA41A6086C1}"
EndProject
Project("{FAE04EC0-301F-11D3-BF4B-00C04F79EFBC}") = "Acme.Tools.ConvertPngToGradient.Core", "Acme.Tools.ConvertPngToGradient.Core\Acme.Tools.ConvertPngToGradient.Core.csproj", "{C46D6A89-CB1E-4455-9E0F-E88A2E587329}"
EndProject
Project("{FAE04EC0-301F-11D3-BF4B-00C04F79EFBC}") = "Acme.Tools.ConvertPngToGradient.Core.Tests", "Acme.Tools.ConvertPngToGradient.Core.Tests\Acme.Tools.ConvertPngToGradient.Core.Tests.csproj", "{581B3B88-F323-4269-B289-1704542C6F4E}"
EndProject
Global
	GlobalSection(SolutionConfigurationPlatforms) = preSolution
		Debug|Any CPU = Debug|Any CPU
		Release|Any CPU = Release|Any CPU
	EndGlobalSection
	GlobalSection(ProjectConfigurationPlatforms) = postSolution
		{633C3F5F-9583-4913-94DD-6DA41A6086C1}.Debug|Any CPU.ActiveCfg = Debug|Any CPU
		{633C3F5F-9583-4913-94DD-6DA41A6086C1}.Debug|Any CPU.Build.0 = Debug|Any CPU
		{633C3F5F-9583-4913-94DD-6DA41A6086C1}.Release|Any CPU.ActiveCfg = Release|Any CPU
		{633C3F5F-9583-4913-94DD-6DA41A6086C1}.Release|Any CPU.Build.0 = Release|Any CPU
		{C46D6A89-CB1E-4455-9E0F-E88A2E587329}.Debug|Any CPU.ActiveCfg = Debug|Any CPU
		{C46D6A89-CB1E-4455-9E0F-E88A2E587329}.Debug|Any CPU.Build.0 = Debug|Any CPU
		{C46D6A89-CB1E-4455-9E0F-E88A2E587329}.Release|Any CPU.ActiveCfg = Release|Any CPU
		{C46D6A89-CB1E-4455-9E0F-E88A2E587329}.Release|Any CPU.Build.0 = Release|Any CPU
		{581B3B88-F323-4269-B289-1704542C6F4E}.Debug|Any CPU.ActiveCfg = Debug|Any CPU
		{581B3B88-F323-4269-B289-1704542C6F4E}.Debug|Any CPU.Build.0 = Debug|Any CPU
		{581B3B88-F323-4269-B289-1704542C6F4E}.Release|Any CPU.ActiveCfg = Release|Any CPU
		{581B3B88-F323-4269-B289-1704542C6F4E}.Release|Any CPU.Build.0 = Release|Any CPU
	EndGlobalSection
	GlobalSection(SolutionProperties) = preSolution
		HideSolutionNode = FALSE
	EndGlobalSection
	GlobalSection(ExtensibilityGlobals) = postSolution
		SolutionGuid = {7FF99CDF-72FB-4E91-9B50-169832DD8BC6}
	EndGlobalSection
EndGlobal
